
Microsoft Visual Studio Solution File, Format Version 12.00
# Visual Studio Version 16
VisualStudioVersion = 16.0.31105.61
MinimumVisualStudioVersion = 10.0.40219.1
Project("{FAE04EC0-301F-11D3-BF4B-00C04F79EFBC}") = "ExpressionParser", "ExpressionParser\ExpressionParser.csproj", "{524F8C07-514F-44A8-938E-6FAEC8F986C6}"
EndProject
Global
	GlobalSection(SolutionConfigurationPlatforms) = preSolution
		Debug|Any CPU = Debug|Any CPU
		Release|Any CPU = Release|Any CPU
	EndGlobalSection
	GlobalSection(ProjectConfigurationPlatforms) = postSolution
		{524F8C07-514F-44A8-938E-6FAEC8F986C6}.Debug|Any CPU.ActiveCfg = Debug|Any CPU
		{524F8C07-514F-44A8-938E-6FAEC8F986C6}.Debug|Any CPU.Build.0 = Debug|Any CPU
		{524F8C07-514F-44A8-938E-6FAEC8F986C6}.Release|Any CPU.ActiveCfg = Release|Any CPU
		{524F8C07-514F-44A8-938E-6FAEC8F986C6}.Release|Any CPU.Build.0 = Release|Any CPU
	EndGlobalSection
	GlobalSection(SolutionProperties) = preSolution
		HideSolutionNode = FALSE
	EndGlobalSection
	GlobalSection(ExtensibilityGlobals) = postSolution
		SolutionGuid = {B12C725A-76C2-4D21-B7A6-7E779A3AC003}
	EndGlobalSection
EndGlobal
